
Microsoft Visual Studio Solution File, Format Version 12.00
# Visual Studio 15
Project("{FAE04EC0-301F-11D3-BF4B-00C04F79EFBC}") = "UnityEngine.TestRunner", "UnityEngine.TestRunner.csproj", "{46BE113A-3F6E-661F-A26C-49EA6BEF2DA1}"
EndProject
Project("{FAE04EC0-301F-11D3-BF4B-00C04F79EFBC}") = "Unity.Mathematics", "Unity.Mathematics.csproj", "{00744E2E-9657-25F5-ECC1-FD3AC7A1F349}"
EndProject
Project("{FAE04EC0-301F-11D3-BF4B-00C04F79EFBC}") = "Unity.2D.Animation.Triangle.Runtime", "Unity.2D.Animation.Triangle.Runtime.csproj", "{25F26212-886E-2068-37D6-673904CF435B}"
EndProject
Project("{FAE04EC0-301F-11D3-BF4B-00C04F79EFBC}") = "Unity.Timeline", "Unity.Timeline.csproj", "{70F604D3-356B-02C4-E615-7412BBEF160F}"
EndProject
Project("{FAE04EC0-301F-11D3-BF4B-00C04F79EFBC}") = "Unity.TextMeshPro", "Unity.TextMeshPro.csproj", "{4F187C01-3830-91E0-85A3-11B0269F8D1F}"
EndProject
Project("{FAE04EC0-301F-11D3-BF4B-00C04F79EFBC}") = "Unity.2D.Animation.Runtime", "Unity.2D.Animation.Runtime.csproj", "{23E12C9E-BE03-3429-FA56-AEE4D04D749D}"
EndProject
Project("{FAE04EC0-301F-11D3-BF4B-00C04F79EFBC}") = "Unity.2D.IK.Runtime", "Unity.2D.IK.Runtime.csproj", "{C484AC6D-AE5E-FFCC-944B-2CC2FB1E9B48}"
EndProject
Project("{FAE04EC0-301F-11D3-BF4B-00C04F79EFBC}") = "Unity.2D.SpriteShape.Runtime", "Unity.2D.SpriteShape.Runtime.csproj", "{D04600C7-3AE5-1348-9D96-571DDBA71940}"
EndProject
Project("{FAE04EC0-301F-11D3-BF4B-00C04F79EFBC}") = "Unity.2D.PixelPerfect", "Unity.2D.PixelPerfect.csproj", "{C9E33BE0-137E-8184-BF6F-406B549751BC}"
EndProject
Project("{FAE04EC0-301F-11D3-BF4B-00C04F79EFBC}") = "Unity.2D.Common.Runtime", "Unity.2D.Common.Runtime.csproj", "{72CC6001-087C-710A-3168-64AA6C9B9415}"
EndProject
Project("{FAE04EC0-301F-11D3-BF4B-00C04F79EFBC}") = "Unity.InternalAPIEngineBridge.001", "Unity.InternalAPIEngineBridge.001.csproj", "{C82156DE-B72A-9916-7056-A746C522ECB6}"
EndProject
Project("{FAE04EC0-301F-11D3-BF4B-00C04F79EFBC}") = "Unity.PlasticSCM.Editor", "Unity.PlasticSCM.Editor.csproj", "{3FFE14FA-E3E4-D3BF-CF28-400F76593939}"
EndProject
Project("{FAE04EC0-301F-11D3-BF4B-00C04F79EFBC}") = "UnityEditor.TestRunner", "UnityEditor.TestRunner.csproj", "{D1179721-D103-640B-AAF1-0703C4712124}"
EndProject
Project("{FAE04EC0-301F-11D3-BF4B-00C04F79EFBC}") = "Unity.Timeline.Editor", "Unity.Timeline.Editor.csproj", "{903923C9-ADA7-2FF7-03E6-929ACFB6BF02}"
EndProject
Project("{FAE04EC0-301F-11D3-BF4B-00C04F79EFBC}") = "Unity.VisualStudio.Editor", "Unity.VisualStudio.Editor.csproj", "{A79B49BB-96FB-A4D0-5D46-23D0D1552E75}"
EndProject
Project("{FAE04EC0-301F-11D3-BF4B-00C04F79EFBC}") = "Unity.2D.Psdimporter.Editor", "Unity.2D.Psdimporter.Editor.csproj", "{A90D2647-32AE-E22F-350F-B763AAC4805C}"
EndProject
Project("{FAE04EC0-301F-11D3-BF4B-00C04F79EFBC}") = "Unity.2D.Animation.Editor", "Unity.2D.Animation.Editor.csproj", "{909926D7-0748-0C0E-039E-E6EC0404DD3B}"
EndProject
Project("{FAE04EC0-301F-11D3-BF4B-00C04F79EFBC}") = "Unity.TextMeshPro.Editor", "Unity.TextMeshPro.Editor.csproj", "{069DCD50-D53E-4D81-FFD1-BD36FEDED486}"
EndProject
Project("{FAE04EC0-301F-11D3-BF4B-00C04F79EFBC}") = "Unity.2D.SpriteShape.Editor", "Unity.2D.SpriteShape.Editor.csproj", "{39FA6B69-7EA2-1A8F-E271-BA82115DD34A}"
EndProject
Project("{FAE04EC0-301F-11D3-BF4B-00C04F79EFBC}") = "Unity.CollabProxy.Editor", "Unity.CollabProxy.Editor.csproj", "{4F73D889-7E5A-D215-C777-B8240ED1DC8A}"
EndProject
Project("{FAE04EC0-301F-11D3-BF4B-00C04F79EFBC}") = "PsdPlugin", "PsdPlugin.csproj", "{75767991-AA5C-5149-2EFB-CC9AE4C956A1}"
EndProject
Project("{FAE04EC0-301F-11D3-BF4B-00C04F79EFBC}") = "Unity.2D.Path.Editor", "Unity.2D.Path.Editor.csproj", "{029523EF-FFD4-4BA8-9AC1-53F7D52FCAFE}"
EndProject
Project("{FAE04EC0-301F-11D3-BF4B-00C04F79EFBC}") = "Unity.Rider.Editor", "Unity.Rider.Editor.csproj", "{046048F8-DD1A-2138-CAC6-61CAFD146826}"
EndProject
Project("{FAE04EC0-301F-11D3-BF4B-00C04F79EFBC}") = "Unity.2D.IK.Editor", "Unity.2D.IK.Editor.csproj", "{581ABDB7-A91F-AEC7-9A5A-9D08C22B42FB}"
EndProject
Project("{FAE04EC0-301F-11D3-BF4B-00C04F79EFBC}") = "Unity.2D.PixelPerfect.Editor", "Unity.2D.PixelPerfect.Editor.csproj", "{3A1E3D71-8655-3164-3B4E-FEE891D7E884}"
EndProject
Project("{FAE04EC0-301F-11D3-BF4B-00C04F79EFBC}") = "Unity.VSCode.Editor", "Unity.VSCode.Editor.csproj", "{9F914739-8E7F-8435-DDEA-FDE3FD26BC49}"
EndProject
Project("{FAE04EC0-301F-11D3-BF4B-00C04F79EFBC}") = "Unity.2D.Common.Editor", "Unity.2D.Common.Editor.csproj", "{0E3E3593-6725-9C64-CF23-60C4A57459F1}"
EndProject
Project("{FAE04EC0-301F-11D3-BF4B-00C04F79EFBC}") = "Unity.Mathematics.Editor", "Unity.Mathematics.Editor.csproj", "{BEACF458-3786-FF4D-C747-16186D3CB917}"
EndProject
Project("{FAE04EC0-301F-11D3-BF4B-00C04F79EFBC}") = "Unity.InternalAPIEditorBridge.001", "Unity.InternalAPIEditorBridge.001.csproj", "{1D3E7E42-3CB4-F957-4566-212CD1CA6DD0}"
EndProject
Global
	GlobalSection(SolutionConfigurationPlatforms) = preSolution
		Debug|Any CPU = Debug|Any CPU
		Release|Any CPU = Release|Any CPU
	EndGlobalSection
	GlobalSection(ProjectConfigurationPlatforms) = postSolution
		{46BE113A-3F6E-661F-A26C-49EA6BEF2DA1}.Debug|Any CPU.ActiveCfg = Debug|Any CPU
		{46BE113A-3F6E-661F-A26C-49EA6BEF2DA1}.Debug|Any CPU.Build.0 = Debug|Any CPU
		{46BE113A-3F6E-661F-A26C-49EA6BEF2DA1}.Release|Any CPU.ActiveCfg = Release|Any CPU
		{46BE113A-3F6E-661F-A26C-49EA6BEF2DA1}.Release|Any CPU.Build.0 = Release|Any CPU
		{00744E2E-9657-25F5-ECC1-FD3AC7A1F349}.Debug|Any CPU.ActiveCfg = Debug|Any CPU
		{00744E2E-9657-25F5-ECC1-FD3AC7A1F349}.Debug|Any CPU.Build.0 = Debug|Any CPU
		{00744E2E-9657-25F5-ECC1-FD3AC7A1F349}.Release|Any CPU.ActiveCfg = Release|Any CPU
		{00744E2E-9657-25F5-ECC1-FD3AC7A1F349}.Release|Any CPU.Build.0 = Release|Any CPU
		{25F26212-886E-2068-37D6-673904CF435B}.Debug|Any CPU.ActiveCfg = Debug|Any CPU
		{25F26212-886E-2068-37D6-673904CF435B}.Debug|Any CPU.Build.0 = Debug|Any CPU
		{25F26212-886E-2068-37D6-673904CF435B}.Release|Any CPU.ActiveCfg = Release|Any CPU
		{25F26212-886E-2068-37D6-673904CF435B}.Release|Any CPU.Build.0 = Release|Any CPU
		{70F604D3-356B-02C4-E615-7412BBEF160F}.Debug|Any CPU.ActiveCfg = Debug|Any CPU
		{70F604D3-356B-02C4-E615-7412BBEF160F}.Debug|Any CPU.Build.0 = Debug|Any CPU
		{70F604D3-356B-02C4-E615-7412BBEF160F}.Release|Any CPU.ActiveCfg = Release|Any CPU
		{70F604D3-356B-02C4-E615-7412BBEF160F}.Release|Any CPU.Build.0 = Release|Any CPU
		{4F187C01-3830-91E0-85A3-11B0269F8D1F}.Debug|Any CPU.ActiveCfg = Debug|Any CPU
		{4F187C01-3830-91E0-85A3-11B0269F8D1F}.Debug|Any CPU.Build.0 = Debug|Any CPU
		{4F187C01-3830-91E0-85A3-11B0269F8D1F}.Release|Any CPU.ActiveCfg = Release|Any CPU
		{4F187C01-3830-91E0-85A3-11B0269F8D1F}.Release|Any CPU.Build.0 = Release|Any CPU
		{23E12C9E-BE03-3429-FA56-AEE4D04D749D}.Debug|Any CPU.ActiveCfg = Debug|Any CPU
		{23E12C9E-BE03-3429-FA56-AEE4D04D749D}.Debug|Any CPU.Build.0 = Debug|Any CPU
		{23E12C9E-BE03-3429-FA56-AEE4D04D749D}.Release|Any CPU.ActiveCfg = Release|Any CPU
		{23E12C9E-BE03-3429-FA56-AEE4D04D749D}.Release|Any CPU.Build.0 = Release|Any CPU
		{C484AC6D-AE5E-FFCC-944B-2CC2FB1E9B48}.Debug|Any CPU.ActiveCfg = Debug|Any CPU
		{C484AC6D-AE5E-FFCC-944B-2CC2FB1E9B48}.Debug|Any CPU.Build.0 = Debug|Any CPU
		{C484AC6D-AE5E-FFCC-944B-2CC2FB1E9B48}.Release|Any CPU.ActiveCfg = Release|Any CPU
		{C484AC6D-AE5E-FFCC-944B-2CC2FB1E9B48}.Release|Any CPU.Build.0 = Release|Any CPU
		{D04600C7-3AE5-1348-9D96-571DDBA71940}.Debug|Any CPU.ActiveCfg = Debug|Any CPU
		{D04600C7-3AE5-1348-9D96-571DDBA71940}.Debug|Any CPU.Build.0 = Debug|Any CPU
		{D04600C7-3AE5-1348-9D96-571DDBA71940}.Release|Any CPU.ActiveCfg = Release|Any CPU
		{D04600C7-3AE5-1348-9D96-571DDBA71940}.Release|Any CPU.Build.0 = Release|Any CPU
		{C9E33BE0-137E-8184-BF6F-406B549751BC}.Debug|Any CPU.ActiveCfg = Debug|Any CPU
		{C9E33BE0-137E-8184-BF6F-406B549751BC}.Debug|Any CPU.Build.0 = Debug|Any CPU
		{C9E33BE0-137E-8184-BF6F-406B549751BC}.Release|Any CPU.ActiveCfg = Release|Any CPU
		{C9E33BE0-137E-8184-BF6F-406B549751BC}.Release|Any CPU.Build.0 = Release|Any CPU
		{72CC6001-087C-710A-3168-64AA6C9B9415}.Debug|Any CPU.ActiveCfg = Debug|Any CPU
		{72CC6001-087C-710A-3168-64AA6C9B9415}.Debug|Any CPU.Build.0 = Debug|Any CPU
		{72CC6001-087C-710A-3168-64AA6C9B9415}.Release|Any CPU.ActiveCfg = Release|Any CPU
		{72CC6001-087C-710A-3168-64AA6C9B9415}.Release|Any CPU.Build.0 = Release|Any CPU
		{C82156DE-B72A-9916-7056-A746C522ECB6}.Debug|Any CPU.ActiveCfg = Debug|Any CPU
		{C82156DE-B72A-9916-7056-A746C522ECB6}.Debug|Any CPU.Build.0 = Debug|Any CPU
		{C82156DE-B72A-9916-7056-A746C522ECB6}.Release|Any CPU.ActiveCfg = Release|Any CPU
		{C82156DE-B72A-9916-7056-A746C522ECB6}.Release|Any CPU.Build.0 = Release|Any CPU
		{3FFE14FA-E3E4-D3BF-CF28-400F76593939}.Debug|Any CPU.ActiveCfg = Debug|Any CPU
		{3FFE14FA-E3E4-D3BF-CF28-400F76593939}.Debug|Any CPU.Build.0 = Debug|Any CPU
		{3FFE14FA-E3E4-D3BF-CF28-400F76593939}.Release|Any CPU.ActiveCfg = Release|Any CPU
		{3FFE14FA-E3E4-D3BF-CF28-400F76593939}.Release|Any CPU.Build.0 = Release|Any CPU
		{D1179721-D103-640B-AAF1-0703C4712124}.Debug|Any CPU.ActiveCfg = Debug|Any CPU
		{D1179721-D103-640B-AAF1-0703C4712124}.Debug|Any CPU.Build.0 = Debug|Any CPU
		{D1179721-D103-640B-AAF1-0703C4712124}.Release|Any CPU.ActiveCfg = Release|Any CPU
		{D1179721-D103-640B-AAF1-0703C4712124}.Release|Any CPU.Build.0 = Release|Any CPU
		{903923C9-ADA7-2FF7-03E6-929ACFB6BF02}.Debug|Any CPU.ActiveCfg = Debug|Any CPU
		{903923C9-ADA7-2FF7-03E6-929ACFB6BF02}.Debug|Any CPU.Build.0 = Debug|Any CPU
		{903923C9-ADA7-2FF7-03E6-929ACFB6BF02}.Release|Any CPU.ActiveCfg = Release|Any CPU
		{903923C9-ADA7-2FF7-03E6-929ACFB6BF02}.Release|Any CPU.Build.0 = Release|Any CPU
		{A79B49BB-96FB-A4D0-5D46-23D0D1552E75}.Debug|Any CPU.ActiveCfg = Debug|Any CPU
		{A79B49BB-96FB-A4D0-5D46-23D0D1552E75}.Debug|Any CPU.Build.0 = Debug|Any CPU
		{A79B49BB-96FB-A4D0-5D46-23D0D1552E75}.Release|Any CPU.ActiveCfg = Release|Any CPU
		{A79B49BB-96FB-A4D0-5D46-23D0D1552E75}.Release|Any CPU.Build.0 = Release|Any CPU
		{A90D2647-32AE-E22F-350F-B763AAC4805C}.Debug|Any CPU.ActiveCfg = Debug|Any CPU
		{A90D2647-32AE-E22F-350F-B763AAC4805C}.Debug|Any CPU.Build.0 = Debug|Any CPU
		{A90D2647-32AE-E22F-350F-B763AAC4805C}.Release|Any CPU.ActiveCfg = Release|Any CPU
		{A90D2647-32AE-E22F-350F-B763AAC4805C}.Release|Any CPU.Build.0 = Release|Any CPU
		{909926D7-0748-0C0E-039E-E6EC0404DD3B}.Debug|Any CPU.ActiveCfg = Debug|Any CPU
		{909926D7-0748-0C0E-039E-E6EC0404DD3B}.Debug|Any CPU.Build.0 = Debug|Any CPU
		{909926D7-0748-0C0E-039E-E6EC0404DD3B}.Release|Any CPU.ActiveCfg = Release|Any CPU
		{909926D7-0748-0C0E-039E-E6EC0404DD3B}.Release|Any CPU.Build.0 = Release|Any CPU
		{069DCD50-D53E-4D81-FFD1-BD36FEDED486}.Debug|Any CPU.ActiveCfg = Debug|Any CPU
		{069DCD50-D53E-4D81-FFD1-BD36FEDED486}.Debug|Any CPU.Build.0 = Debug|Any CPU
		{069DCD50-D53E-4D81-FFD1-BD36FEDED486}.Release|Any CPU.ActiveCfg = Release|Any CPU
		{069DCD50-D53E-4D81-FFD1-BD36FEDED486}.Release|Any CPU.Build.0 = Release|Any CPU
		{39FA6B69-7EA2-1A8F-E271-BA82115DD34A}.Debug|Any CPU.ActiveCfg = Debug|Any CPU
		{39FA6B69-7EA2-1A8F-E271-BA82115DD34A}.Debug|Any CPU.Build.0 = Debug|Any CPU
		{39FA6B69-7EA2-1A8F-E271-BA82115DD34A}.Release|Any CPU.ActiveCfg = Release|Any CPU
		{39FA6B69-7EA2-1A8F-E271-BA82115DD34A}.Release|Any CPU.Build.0 = Release|Any CPU
		{4F73D889-7E5A-D215-C777-B8240ED1DC8A}.Debug|Any CPU.ActiveCfg = Debug|Any CPU
		{4F73D889-7E5A-D215-C777-B8240ED1DC8A}.Debug|Any CPU.Build.0 = Debug|Any CPU
		{4F73D889-7E5A-D215-C777-B8240ED1DC8A}.Release|Any CPU.ActiveCfg = Release|Any CPU
		{4F73D889-7E5A-D215-C777-B8240ED1DC8A}.Release|Any CPU.Build.0 = Release|Any CPU
		{75767991-AA5C-5149-2EFB-CC9AE4C956A1}.Debug|Any CPU.ActiveCfg = Debug|Any CPU
		{75767991-AA5C-5149-2EFB-CC9AE4C956A1}.Debug|Any CPU.Build.0 = Debug|Any CPU
		{75767991-AA5C-5149-2EFB-CC9AE4C956A1}.Release|Any CPU.ActiveCfg = Release|Any CPU
		{75767991-AA5C-5149-2EFB-CC9AE4C956A1}.Release|Any CPU.Build.0 = Release|Any CPU
		{029523EF-FFD4-4BA8-9AC1-53F7D52FCAFE}.Debug|Any CPU.ActiveCfg = Debug|Any CPU
		{029523EF-FFD4-4BA8-9AC1-53F7D52FCAFE}.Debug|Any CPU.Build.0 = Debug|Any CPU
		{029523EF-FFD4-4BA8-9AC1-53F7D52FCAFE}.Release|Any CPU.ActiveCfg = Release|Any CPU
		{029523EF-FFD4-4BA8-9AC1-53F7D52FCAFE}.Release|Any CPU.Build.0 = Release|Any CPU
		{046048F8-DD1A-2138-CAC6-61CAFD146826}.Debug|Any CPU.ActiveCfg = Debug|Any CPU
		{046048F8-DD1A-2138-CAC6-61CAFD146826}.Debug|Any CPU.Build.0 = Debug|Any CPU
		{046048F8-DD1A-2138-CAC6-61CAFD146826}.Release|Any CPU.ActiveCfg = Release|Any CPU
		{046048F8-DD1A-2138-CAC6-61CAFD146826}.Release|Any CPU.Build.0 = Release|Any CPU
		{581ABDB7-A91F-AEC7-9A5A-9D08C22B42FB}.Debug|Any CPU.ActiveCfg = Debug|Any CPU
		{581ABDB7-A91F-AEC7-9A5A-9D08C22B42FB}.Debug|Any CPU.Build.0 = Debug|Any CPU
		{581ABDB7-A91F-AEC7-9A5A-9D08C22B42FB}.Release|Any CPU.ActiveCfg = Release|Any CPU
		{581ABDB7-A91F-AEC7-9A5A-9D08C22B42FB}.Release|Any CPU.Build.0 = Release|Any CPU
		{3A1E3D71-8655-3164-3B4E-FEE891D7E884}.Debug|Any CPU.ActiveCfg = Debug|Any CPU
		{3A1E3D71-8655-3164-3B4E-FEE891D7E884}.Debug|Any CPU.Build.0 = Debug|Any CPU
		{3A1E3D71-8655-3164-3B4E-FEE891D7E884}.Release|Any CPU.ActiveCfg = Release|Any CPU
		{3A1E3D71-8655-3164-3B4E-FEE891D7E884}.Release|Any CPU.Build.0 = Release|Any CPU
		{9F914739-8E7F-8435-DDEA-FDE3FD26BC49}.Debug|Any CPU.ActiveCfg = Debug|Any CPU
		{9F914739-8E7F-8435-DDEA-FDE3FD26BC49}.Debug|Any CPU.Build.0 = Debug|Any CPU
		{9F914739-8E7F-8435-DDEA-FDE3FD26BC49}.Release|Any CPU.ActiveCfg = Release|Any CPU
		{9F914739-8E7F-8435-DDEA-FDE3FD26BC49}.Release|Any CPU.Build.0 = Release|Any CPU
		{0E3E3593-6725-9C64-CF23-60C4A57459F1}.Debug|Any CPU.ActiveCfg = Debug|Any CPU
		{0E3E3593-6725-9C64-CF23-60C4A57459F1}.Debug|Any CPU.Build.0 = Debug|Any CPU
		{0E3E3593-6725-9C64-CF23-60C4A57459F1}.Release|Any CPU.ActiveCfg = Release|Any CPU
		{0E3E3593-6725-9C64-CF23-60C4A57459F1}.Release|Any CPU.Build.0 = Release|Any CPU
		{BEACF458-3786-FF4D-C747-16186D3CB917}.Debug|Any CPU.ActiveCfg = Debug|Any CPU
		{BEACF458-3786-FF4D-C747-16186D3CB917}.Debug|Any CPU.Build.0 = Debug|Any CPU
		{BEACF458-3786-FF4D-C747-16186D3CB917}.Release|Any CPU.ActiveCfg = Release|Any CPU
		{BEACF458-3786-FF4D-C747-16186D3CB917}.Release|Any CPU.Build.0 = Release|Any CPU
		{1D3E7E42-3CB4-F957-4566-212CD1CA6DD0}.Debug|Any CPU.ActiveCfg = Debug|Any CPU
		{1D3E7E42-3CB4-F957-4566-212CD1CA6DD0}.Debug|Any CPU.Build.0 = Debug|Any CPU
		{1D3E7E42-3CB4-F957-4566-212CD1CA6DD0}.Release|Any CPU.ActiveCfg = Release|Any CPU
		{1D3E7E42-3CB4-F957-4566-212CD1CA6DD0}.Release|Any CPU.Build.0 = Release|Any CPU
	EndGlobalSection
	GlobalSection(SolutionProperties) = preSolution
		HideSolutionNode = FALSE
	EndGlobalSection
EndGlobal
